// !$*UTF8*$!
{
	archiveVersion = 1;
	classes = {
	};
	objectVersion = 46;
	objects = {

/* Begin PBXBuildFile section */
		D9DCED731DE20C770015463F /* AppDelegate.swift in Sources */ = {isa = PBXBuildFile; fileRef = D9DCED721DE20C760015463F /* AppDelegate.swift */; };
		D9DCED751DE20C770015463F /* ViewController.swift in Sources */ = {isa = PBXBuildFile; fileRef = D9DCED741DE20C770015463F /* ViewController.swift */; };
		D9DCED781DE20C780015463F /* Main.storyboard in Resources */ = {isa = PBXBuildFile; fileRef = D9DCED761DE20C780015463F /* Main.storyboard */; };
		D9DCED7A1DE20C780015463F /* Assets.xcassets in Resources */ = {isa = PBXBuildFile; fileRef = D9DCED791DE20C780015463F /* Assets.xcassets */; };
		D9DCED7D1DE20C780015463F /* LaunchScreen.storyboard in Resources */ = {isa = PBXBuildFile; fileRef = D9DCED7B1DE20C780015463F /* LaunchScreen.storyboard */; };
		D9DCED881DE20C780015463F /* DemoTests.swift in Sources */ = {isa = PBXBuildFile; fileRef = D9DCED871DE20C780015463F /* DemoTests.swift */; };
/* End PBXBuildFile section */

/* Begin PBXContainerItemProxy section */
		D9DCED841DE20C780015463F /* PBXContainerItemProxy */ = {
			isa = PBXContainerItemProxy;
			containerPortal = D9DCED671DE20C740015463F /* Project object */;
			proxyType = 1;
			remoteGlobalIDString = D9DCED6E1DE20C750015463F;
			remoteInfo = Demo;
		};
/* End PBXContainerItemProxy section */

/* Begin PBXFileReference section */
		D9DCED6F1DE20C760015463F /* Demo.app */ = {isa = PBXFileReference; explicitFileType = wrapper.application; includeInIndex = 0; path = Demo.app; sourceTree = BUILT_PRODUCTS_DIR; };
		D9DCED721DE20C760015463F /* AppDelegate.swift */ = {isa = PBXFileReference; lastKnownFileType = sourcecode.swift; path = AppDelegate.swift; sourceTree = "<group>"; };
		D9DCED741DE20C770015463F /* ViewController.swift */ = {isa = PBXFileReference; lastKnownFileType = sourcecode.swift; path = ViewController.swift; sourceTree = "<group>"; };
		D9DCED771DE20C780015463F /* Base */ = {isa = PBXFileReference; lastKnownFileType = file.storyboard; name = Base; path = Base.lproj/Main.storyboard; sourceTree = "<group>"; };
		D9DCED791DE20C780015463F /* Assets.xcassets */ = {isa = PBXFileReference; lastKnownFileType = folder.assetcatalog; path = Assets.xcassets; sourceTree = "<group>"; };
		D9DCED7C1DE20C780015463F /* Base */ = {isa = PBXFileReference; lastKnownFileType = file.storyboard; name = Base; path = Base.lproj/LaunchScreen.storyboard; sourceTree = "<group>"; };
		D9DCED7E1DE20C780015463F /* Info.plist */ = {isa = PBXFileReference; lastKnownFileType = text.plist.xml; path = Info.plist; sourceTree = "<group>"; };
		D9DCED831DE20C780015463F /* DemoTests.xctest */ = {isa = PBXFileReference; explicitFileType = wrapper.cfbundle; includeInIndex = 0; path = DemoTests.xctest; sourceTree = BUILT_PRODUCTS_DIR; };
		D9DCED871DE20C780015463F /* DemoTests.swift */ = {isa = PBXFileReference; lastKnownFileType = sourcecode.swift; path = DemoTests.swift; sourceTree = "<group>"; };
		D9DCED891DE20C780015463F /* Info.plist */ = {isa = PBXFileReference; lastKnownFileType = text.plist.xml; path = Info.plist; sourceTree = "<group>"; };
/* End PBXFileReference section */

/* Begin PBXFrameworksBuildPhase section */
		D9DCED6C1DE20C750015463F /* Frameworks */ = {
			isa = PBXFrameworksBuildPhase;
			buildActionMask = 2147483647;
			files = (
			);
			runOnlyForDeploymentPostprocessing = 0;
		};
		D9DCED801DE20C780015463F /* Frameworks */ = {
			isa = PBXFrameworksBuildPhase;
			buildActionMask = 2147483647;
			files = (
			);
			runOnlyForDeploymentPostprocessing = 0;
		};
/* End PBXFrameworksBuildPhase section */

/* Begin PBXGroup section */
		D9DCED661DE20C740015463F = {
			isa = PBXGroup;
			children = (
				D9DCED711DE20C760015463F /* Demo */,
				D9DCED861DE20C780015463F /* DemoTests */,
				D9DCED701DE20C760015463F /* Products */,
			);
			sourceTree = "<group>";
		};
		D9DCED701DE20C760015463F /* Products */ = {
			isa = PBXGroup;
			children = (
				D9DCED6F1DE20C760015463F /* Demo.app */,
				D9DCED831DE20C780015463F /* DemoTests.xctest */,
			);
			name = Products;
			sourceTree = "<group>";
		};
		D9DCED711DE20C760015463F /* Demo */ = {
			isa = PBXGroup;
			children = (
				D9DCED721DE20C760015463F /* AppDelegate.swift */,
				D9DCED741DE20C770015463F /* ViewController.swift */,
				D9DCED761DE20C780015463F /* Main.storyboard */,
				D9DCED791DE20C780015463F /* Assets.xcassets */,
				D9DCED7B1DE20C780015463F /* LaunchScreen.storyboard */,
				D9DCED7E1DE20C780015463F /* Info.plist */,
			);
			path = Demo;
			sourceTree = "<group>";
		};
		D9DCED861DE20C780015463F /* DemoTests */ = {
			isa = PBXGroup;
			children = (
				D9DCED871DE20C780015463F /* DemoTests.swift */,
				D9DCED891DE20C780015463F /* Info.plist */,
			);
			path = DemoTests;
			sourceTree = "<group>";
		};
/* End PBXGroup section */

/* Begin PBXNativeTarget section */
		D9DCED6E1DE20C750015463F /* Demo */ = {
			isa = PBXNativeTarget;
			buildConfigurationList = D9DCED8C1DE20C780015463F /* Build configuration list for PBXNativeTarget "Demo" */;
			buildPhases = (
				D9DCED6B1DE20C750015463F /* Sources */,
				D9DCED6C1DE20C750015463F /* Frameworks */,
				D9DCED6D1DE20C750015463F /* Resources */,
			);
			buildRules = (
			);
			dependencies = (
			);
			name = Demo;
			productName = Demo;
			productReference = D9DCED6F1DE20C760015463F /* Demo.app */;
			productType = "com.apple.product-type.application";
		};
		D9DCED821DE20C780015463F /* DemoTests */ = {
			isa = PBXNativeTarget;
			buildConfigurationList = D9DCED8F1DE20C780015463F /* Build configuration list for PBXNativeTarget "DemoTests" */;
			buildPhases = (
				D9DCED7F1DE20C780015463F /* Sources */,
				D9DCED801DE20C780015463F /* Frameworks */,
				D9DCED811DE20C780015463F /* Resources */,
			);
			buildRules = (
			);
			dependencies = (
				D9DCED851DE20C780015463F /* PBXTargetDependency */,
			);
			name = DemoTests;
			productName = DemoTests;
			productReference = D9DCED831DE20C780015463F /* DemoTests.xctest */;
			productType = "com.apple.product-type.bundle.unit-test";
		};
/* End PBXNativeTarget section */

/* Begin PBXProject section */
		D9DCED671DE20C740015463F /* Project object */ = {
			isa = PBXProject;
			attributes = {
				LastSwiftUpdateCheck = 0810;
				LastUpgradeCheck = 0810;
				ORGANIZATIONNAME = "Sahil chug";
				TargetAttributes = {
					D9DCED6E1DE20C750015463F = {
						CreatedOnToolsVersion = 8.1;
						DevelopmentTeam = N79YYZAGFB;
						ProvisioningStyle = Automatic;
					};
					D9DCED821DE20C780015463F = {
						CreatedOnToolsVersion = 8.1;
						DevelopmentTeam = N79YYZAGFB;
						ProvisioningStyle = Automatic;
						TestTargetID = D9DCED6E1DE20C750015463F;
					};
				};
			};
			buildConfigurationList = D9DCED6A1DE20C740015463F /* Build configuration list for PBXProject "Demo" */;
			compatibilityVersion = "Xcode 3.2";
			developmentRegion = English;
			hasScannedForEncodings = 0;
			knownRegions = (
				en,
				Base,
			);
			mainGroup = D9DCED661DE20C740015463F;
			productRefGroup = D9DCED701DE20C760015463F /* Products */;
			projectDirPath = "";
			projectRoot = "";
			targets = (
				D9DCED6E1DE20C750015463F /* Demo */,
				D9DCED821DE20C780015463F /* DemoTests */,
			);
		};
/* End PBXProject section */

/* Begin PBXResourcesBuildPhase section */
		D9DCED6D1DE20C750015463F /* Resources */ = {
			isa = PBXResourcesBuildPhase;
			buildActionMask = 2147483647;
			files = (
				D9DCED7D1DE20C780015463F /* LaunchScreen.storyboard in Resources */,
				D9DCED7A1DE20C780015463F /* Assets.xcassets in Resources */,
				D9DCED781DE20C780015463F /* Main.storyboard in Resources */,
			);
			runOnlyForDeploymentPostprocessing = 0;
		};
		D9DCED811DE20C780015463F /* Resources */ = {
			isa = PBXResourcesBuildPhase;
			buildActionMask = 2147483647;
			files = (
			);
			runOnlyForDeploymentPostprocessing = 0;
		};
/* End PBXResourcesBuildPhase section */

/* Begin PBXSourcesBuildPhase section */
		D9DCED6B1DE20C750015463F /* Sources */ = {
			isa = PBXSourcesBuildPhase;
			buildActionMask = 2147483647;
			files = (
				D9DCED751DE20C770015463F /* ViewController.swift in Sources */,
				D9DCED731DE20C770015463F /* AppDelegate.swift in Sources */,
			);
			runOnlyForDeploymentPostprocessing = 0;
		};
		D9DCED7F1DE20C780015463F /* Sources */ = {
			isa = PBXSourcesBuildPhase;
			buildActionMask = 2147483647;
			files = (
				D9DCED881DE20C780015463F /* DemoTests.swift in Sources */,
			);
			runOnlyForDeploymentPostprocessing = 0;
		};
/* End PBXSourcesBuildPhase section */

/* Begin PBXTargetDependency section */
		D9DCED851DE20C780015463F /* PBXTargetDependency */ = {
			isa = PBXTargetDependency;
			target = D9DCED6E1DE20C750015463F /* Demo */;
			targetProxy = D9DCED841DE20C780015463F /* PBXContainerItemProxy */;
		};
/* End PBXTargetDependency section */

/* Begin PBXVariantGroup section */
		D9DCED761DE20C780015463F /* Main.storyboard */ = {
			isa = PBXVariantGroup;
			children = (
				D9DCED771DE20C780015463F /* Base */,
			);
			name = Main.storyboard;
			sourceTree = "<group>";
		};
		D9DCED7B1DE20C780015463F /* LaunchScreen.storyboard */ = {
			isa = PBXVariantGroup;
			children = (
				D9DCED7C1DE20C780015463F /* Base */,
			);
			name = LaunchScreen.storyboard;
			sourceTree = "<group>";
		};
/* End PBXVariantGroup section */

/* Begin XCBuildConfiguration section */
		D9DCED8A1DE20C780015463F /* Debug */ = {
			isa = XCBuildConfiguration;
			buildSettings = {
				ALWAYS_SEARCH_USER_PATHS = NO;
				CLANG_ANALYZER_NONNULL = YES;
				CLANG_CXX_LANGUAGE_STANDARD = "gnu++0x";
				CLANG_CXX_LIBRARY = "libc++";
				CLANG_ENABLE_MODULES = YES;
				CLANG_ENABLE_OBJC_ARC = YES;
				CLANG_WARN_BOOL_CONVERSION = YES;
				CLANG_WARN_CONSTANT_CONVERSION = YES;
				CLANG_WARN_DIRECT_OBJC_ISA_USAGE = YES_ERROR;
				CLANG_WARN_DOCUMENTATION_COMMENTS = YES;
				CLANG_WARN_EMPTY_BODY = YES;
				CLANG_WARN_ENUM_CONVERSION = YES;
				CLANG_WARN_INFINITE_RECURSION = YES;
				CLANG_WARN_INT_CONVERSION = YES;
				CLANG_WARN_OBJC_ROOT_CLASS = YES_ERROR;
				CLANG_WARN_SUSPICIOUS_MOVES = YES;
				CLANG_WARN_UNREACHABLE_CODE = YES;
				CLANG_WARN__DUPLICATE_METHOD_MATCH = YES;
				"CODE_SIGN_IDENTITY[sdk=iphoneos*]" = "iPhone Developer";
				COPY_PHASE_STRIP = NO;
				DEBUG_INFORMATION_FORMAT = dwarf;
				ENABLE_STRICT_OBJC_MSGSEND = YES;
				ENABLE_TESTABILITY = YES;
				GCC_C_LANGUAGE_STANDARD = gnu99;
				GCC_DYNAMIC_NO_PIC = NO;
				GCC_NO_COMMON_BLOCKS = YES;
				GCC_OPTIMIZATION_LEVEL = 0;
				GCC_PREPROCESSOR_DEFINITIONS = (
					"DEBUG=1",
					"$(inherited)",
				);
				GCC_WARN_64_TO_32_BIT_CONVERSION = YES;
				GCC_WARN_ABOUT_RETURN_TYPE = YES_ERROR;
				GCC_WARN_UNDECLARED_SELECTOR = YES;
				GCC_WARN_UNINITIALIZED_AUTOS = YES_AGGRESSIVE;
				GCC_WARN_UNUSED_FUNCTION = YES;
				GCC_WARN_UNUSED_VARIABLE = YES;
				IPHONEOS_DEPLOYMENT_TARGET = 10.1;
				MTL_ENABLE_DEBUG_INFO = YES;
				ONLY_ACTIVE_ARCH = YES;
				SDKROOT = iphoneos;
				SWIFT_ACTIVE_COMPILATION_CONDITIONS = DEBUG;
				SWIFT_OPTIMIZATION_LEVEL = "-Onone";
				TARGETED_DEVICE_FAMILY = "1,2";
			};
			name = Debug;
		};
		D9DCED8B1DE20C780015463F /* Release */ = {
			isa = XCBuildConfiguration;
			buildSettings = {
				ALWAYS_SEARCH_USER_PATHS = NO;
				CLANG_ANALYZER_NONNULL = YES;
				CLANG_CXX_LANGUAGE_STANDARD = "gnu++0x";
				CLANG_CXX_LIBRARY = "libc++";
				CLANG_ENABLE_MODULES = YES;
				CLANG_ENABLE_OBJC_ARC = YES;
				CLANG_WARN_BOOL_CONVERSION = YES;
				CLANG_WARN_CONSTANT_CONVERSION = YES;
				CLANG_WARN_DIRECT_OBJC_ISA_USAGE = YES_ERROR;
				CLANG_WARN_DOCUMENTATION_COMMENTS = YES;
				CLANG_WARN_EMPTY_BODY = YES;
				CLANG_WARN_ENUM_CONVERSION = YES;
				CLANG_WARN_INFINITE_RECURSION = YES;
				CLANG_WARN_INT_CONVERSION = YES;
				CLANG_WARN_OBJC_ROOT_CLASS = YES_ERROR;
				CLANG_WARN_SUSPICIOUS_MOVES = YES;
				CLANG_WARN_UNREACHABLE_CODE = YES;
				CLANG_WARN__DUPLICATE_METHOD_MATCH = YES;
				"CODE_SIGN_IDENTITY[sdk=iphoneos*]" = "iPhone Developer";
				COPY_PHASE_STRIP = NO;
				DEBUG_INFORMATION_FORMAT = "dwarf-with-dsym";
				ENABLE_NS_ASSERTIONS = NO;
				ENABLE_STRICT_OBJC_MSGSEND = YES;
				GCC_C_LANGUAGE_STANDARD = gnu99;
				GCC_NO_COMMON_BLOCKS = YES;
				GCC_WARN_64_TO_32_BIT_CONVERSION = YES;
				GCC_WARN_ABOUT_RETURN_TYPE = YES_ERROR;
				GCC_WARN_UNDECLARED_SELECTOR = YES;
				GCC_WARN_UNINITIALIZED_AUTOS = YES_AGGRESSIVE;
				GCC_WARN_UNUSED_FUNCTION = YES;
				GCC_WARN_UNUSED_VARIABLE = YES;
				IPHONEOS_DEPLOYMENT_TARGET = 10.1;
				MTL_ENABLE_DEBUG_INFO = NO;
				SDKROOT = iphoneos;
				SWIFT_OPTIMIZATION_LEVEL = "-Owholemodule";
				TARGETED_DEVICE_FAMILY = "1,2";
				VALIDATE_PRODUCT = YES;
			};
			name = Release;
		};
		D9DCED8D1DE20C780015463F /* Debug */ = {
			isa = XCBuildConfiguration;
			buildSettings = {
				ASSETCATALOG_COMPILER_APPICON_NAME = AppIcon;
				DEVELOPMENT_TEAM = N79YYZAGFB;
				INFOPLIST_FILE = Demo/Info.plist;
				LD_RUNPATH_SEARCH_PATHS = "$(inherited) @executable_path/Frameworks";
				PRODUCT_BUNDLE_IDENTIFIER = com.twistedlog.Demo;
				PRODUCT_NAME = "$(TARGET_NAME)";
				SWIFT_VERSION = 3.0;
			};
			name = Debug;
		};
		D9DCED8E1DE20C780015463F /* Release */ = {
			isa = XCBuildConfiguration;
			buildSettings = {
				ASSETCATALOG_COMPILER_APPICON_NAME = AppIcon;
				DEVELOPMENT_TEAM = N79YYZAGFB;
				INFOPLIST_FILE = Demo/Info.plist;
				LD_RUNPATH_SEARCH_PATHS = "$(inherited) @executable_path/Frameworks";
				PRODUCT_BUNDLE_IDENTIFIER = com.twistedlog.Demo;
				PRODUCT_NAME = "$(TARGET_NAME)";
				SWIFT_VERSION = 3.0;
			};
			name = Release;
		};
		D9DCED901DE20C780015463F /* Debug */ = {
			isa = XCBuildConfiguration;
			buildSettings = {
				ALWAYS_EMBED_SWIFT_STANDARD_LIBRARIES = YES;
				BUNDLE_LOADER = "$(TEST_HOST)";
				DEVELOPMENT_TEAM = N79YYZAGFB;
				INFOPLIST_FILE = DemoTests/Info.plist;
				LD_RUNPATH_SEARCH_PATHS = "$(inherited) @executable_path/Frameworks @loader_path/Frameworks";
				PRODUCT_BUNDLE_IDENTIFIER = com.twistedlog.DemoTests;
				PRODUCT_NAME = "$(TARGET_NAME)";
				SWIFT_VERSION = 3.0;
				TEST_HOST = "$(BUILT_PRODUCTS_DIR)/Demo.app/Demo";
			};
			name = Debug;
		};
		D9DCED911DE20C780015463F /* Release */ = {
			isa = XCBuildConfiguration;
			buildSettings = {
				ALWAYS_EMBED_SWIFT_STANDARD_LIBRARIES = YES;
				BUNDLE_LOADER = "$(TEST_HOST)";
				DEVELOPMENT_TEAM = N79YYZAGFB;
				INFOPLIST_FILE = DemoTests/Info.plist;
				LD_RUNPATH_SEARCH_PATHS = "$(inherited) @executable_path/Frameworks @loader_path/Frameworks";
				PRODUCT_BUNDLE_IDENTIFIER = com.twistedlog.DemoTests;
				PRODUCT_NAME = "$(TARGET_NAME)";
				SWIFT_VERSION = 3.0;
				TEST_HOST = "$(BUILT_PRODUCTS_DIR)/Demo.app/Demo";
			};
			name = Release;
		};
/* End XCBuildConfiguration section */

/* Begin XCConfigurationList section */
		D9DCED6A1DE20C740015463F /* Build configuration list for PBXProject "Demo" */ = {
			isa = XCConfigurationList;
			buildConfigurations = (
				D9DCED8A1DE20C780015463F /* Debug */,
				D9DCED8B1DE20C780015463F /* Release */,
			);
			defaultConfigurationIsVisible = 0;
			defaultConfigurationName = Release;
		};
		D9DCED8C1DE20C780015463F /* Build configuration list for PBXNativeTarget "Demo" */ = {
			isa = XCConfigurationList;
			buildConfigurations = (
				D9DCED8D1DE20C780015463F /* Debug */,
				D9DCED8E1DE20C780015463F /* Release */,
			);
			defaultConfigurationIsVisible = 0;
		};
		D9DCED8F1DE20C780015463F /* Build configuration list for PBXNativeTarget "DemoTests" */ = {
			isa = XCConfigurationList;
			buildConfigurations = (
				D9DCED901DE20C780015463F /* Debug */,
				D9DCED911DE20C780015463F /* Release */,
			);
			defaultConfigurationIsVisible = 0;
		};
/* End XCConfigurationList section */
	};
	rootObject = D9DCED671DE20C740015463F /* Project object */;
}
